
Microsoft Visual Studio Solution File, Format Version 12.00
# Visual Studio 15
VisualStudioVersion = 15.0.27428.1
MinimumVisualStudioVersion = 10.0.40219.1
Project("{8BC9CEB8-8B4A-11D0-8D11-00A0C91BC942}") = "01_stack", "01_stack\01_stack.vcxproj", "{C817315B-490C-4551-A74A-8788D81F5B9A}"
EndProject
Project("{8BC9CEB8-8B4A-11D0-8D11-00A0C91BC942}") = "01_DFS", "01_DFS\01_DFS.vcxproj", "{F8BD0E85-B2CF-4E83-A076-D65434388045}"
EndProject
Project("{8BC9CEB8-8B4A-11D0-8D11-00A0C91BC942}") = "01_DFS_study", "01_DFS_study\01_DFS_study.vcxproj", "{E51F638C-677B-4755-9E9A-4655658A08BD}"
EndProject
Project("{8BC9CEB8-8B4A-11D0-8D11-00A0C91BC942}") = "02_Queue", "02_Queue\02_Queue.vcxproj", "{3BC9B891-3E9B-41E5-AAA8-5E798087D013}"
EndProject
Global
	GlobalSection(SolutionConfigurationPlatforms) = preSolution
		Debug|x64 = Debug|x64
		Debug|x86 = Debug|x86
		Release|x64 = Release|x64
		Release|x86 = Release|x86
	EndGlobalSection
	GlobalSection(ProjectConfigurationPlatforms) = postSolution
		{C817315B-490C-4551-A74A-8788D81F5B9A}.Debug|x64.ActiveCfg = Debug|x64
		{C817315B-490C-4551-A74A-8788D81F5B9A}.Debug|x64.Build.0 = Debug|x64
		{C817315B-490C-4551-A74A-8788D81F5B9A}.Debug|x86.ActiveCfg = Debug|Win32
		{C817315B-490C-4551-A74A-8788D81F5B9A}.Debug|x86.Build.0 = Debug|Win32
		{C817315B-490C-4551-A74A-8788D81F5B9A}.Release|x64.ActiveCfg = Release|x64
		{C817315B-490C-4551-A74A-8788D81F5B9A}.Release|x64.Build.0 = Release|x64
		{C817315B-490C-4551-A74A-8788D81F5B9A}.Release|x86.ActiveCfg = Release|Win32
		{C817315B-490C-4551-A74A-8788D81F5B9A}.Release|x86.Build.0 = Release|Win32
		{F8BD0E85-B2CF-4E83-A076-D65434388045}.Debug|x64.ActiveCfg = Debug|x64
		{F8BD0E85-B2CF-4E83-A076-D65434388045}.Debug|x64.Build.0 = Debug|x64
		{F8BD0E85-B2CF-4E83-A076-D65434388045}.Debug|x86.ActiveCfg = Debug|Win32
		{F8BD0E85-B2CF-4E83-A076-D65434388045}.Debug|x86.Build.0 = Debug|Win32
		{F8BD0E85-B2CF-4E83-A076-D65434388045}.Release|x64.ActiveCfg = Release|x64
		{F8BD0E85-B2CF-4E83-A076-D65434388045}.Release|x64.Build.0 = Release|x64
		{F8BD0E85-B2CF-4E83-A076-D65434388045}.Release|x86.ActiveCfg = Release|Win32
		{F8BD0E85-B2CF-4E83-A076-D65434388045}.Release|x86.Build.0 = Release|Win32
		{E51F638C-677B-4755-9E9A-4655658A08BD}.Debug|x64.ActiveCfg = Debug|x64
		{E51F638C-677B-4755-9E9A-4655658A08BD}.Debug|x64.Build.0 = Debug|x64
		{E51F638C-677B-4755-9E9A-4655658A08BD}.Debug|x86.ActiveCfg = Debug|Win32
		{E51F638C-677B-4755-9E9A-4655658A08BD}.Debug|x86.Build.0 = Debug|Win32
		{E51F638C-677B-4755-9E9A-4655658A08BD}.Release|x64.ActiveCfg = Release|x64
		{E51F638C-677B-4755-9E9A-4655658A08BD}.Release|x64.Build.0 = Release|x64
		{E51F638C-677B-4755-9E9A-4655658A08BD}.Release|x86.ActiveCfg = Release|Win32
		{E51F638C-677B-4755-9E9A-4655658A08BD}.Release|x86.Build.0 = Release|Win32
		{3BC9B891-3E9B-41E5-AAA8-5E798087D013}.Debug|x64.ActiveCfg = Debug|x64
		{3BC9B891-3E9B-41E5-AAA8-5E798087D013}.Debug|x64.Build.0 = Debug|x64
		{3BC9B891-3E9B-41E5-AAA8-5E798087D013}.Debug|x86.ActiveCfg = Debug|Win32
		{3BC9B891-3E9B-41E5-AAA8-5E798087D013}.Debug|x86.Build.0 = Debug|Win32
		{3BC9B891-3E9B-41E5-AAA8-5E798087D013}.Release|x64.ActiveCfg = Release|x64
		{3BC9B891-3E9B-41E5-AAA8-5E798087D013}.Release|x64.Build.0 = Release|x64
		{3BC9B891-3E9B-41E5-AAA8-5E798087D013}.Release|x86.ActiveCfg = Release|Win32
		{3BC9B891-3E9B-41E5-AAA8-5E798087D013}.Release|x86.Build.0 = Release|Win32
	EndGlobalSection
	GlobalSection(SolutionProperties) = preSolution
		HideSolutionNode = FALSE
	EndGlobalSection
	GlobalSection(ExtensibilityGlobals) = postSolution
		SolutionGuid = {32F1D265-49E0-48B7-A6D3-55CF623A700F}
	EndGlobalSection
EndGlobal
